
Microsoft Visual Studio Solution File, Format Version 12.00
# Visual Studio Version 17
VisualStudioVersion = 17.3.32901.215
MinimumVisualStudioVersion = 10.0.40219.1
Project("{FAE04EC0-301F-11D3-BF4B-00C04F79EFBC}") = "Подсчет людей по файлам из множества архивов", "Подсчет людей по файлам из множества архивов\Подсчет людей по файлам из множества архивов.csproj", "{ED8BCE90-7D0B-44E8-A0C0-8106D5ECF323}"
EndProject
Global
	GlobalSection(SolutionConfigurationPlatforms) = preSolution
		Debug|Any CPU = Debug|Any CPU
		Release|Any CPU = Release|Any CPU
	EndGlobalSection
	GlobalSection(ProjectConfigurationPlatforms) = postSolution
		{ED8BCE90-7D0B-44E8-A0C0-8106D5ECF323}.Debug|Any CPU.ActiveCfg = Debug|Any CPU
		{ED8BCE90-7D0B-44E8-A0C0-8106D5ECF323}.Debug|Any CPU.Build.0 = Debug|Any CPU
		{ED8BCE90-7D0B-44E8-A0C0-8106D5ECF323}.Release|Any CPU.ActiveCfg = Release|Any CPU
		{ED8BCE90-7D0B-44E8-A0C0-8106D5ECF323}.Release|Any CPU.Build.0 = Release|Any CPU
	EndGlobalSection
	GlobalSection(SolutionProperties) = preSolution
		HideSolutionNode = FALSE
	EndGlobalSection
	GlobalSection(ExtensibilityGlobals) = postSolution
		SolutionGuid = {77401D87-2A54-43CC-9EA4-6BE2B468C81A}
	EndGlobalSection
EndGlobal
